
Microsoft Visual Studio Solution File, Format Version 12.00
# Visual Studio Version 16
VisualStudioVersion = 16.0.31424.327
MinimumVisualStudioVersion = 10.0.40219.1
Project("{FAE04EC0-301F-11D3-BF4B-00C04F79EFBC}") = "Ejercicio1", "Ejercicio1\Ejercicio1.csproj", "{0F8B50B6-2F27-4E00-8576-AB949D12D4C8}"
EndProject
Project("{FAE04EC0-301F-11D3-BF4B-00C04F79EFBC}") = "Entidades", "Entidades\Entidades.csproj", "{0F5BA0B0-9D06-4ECF-9C16-F13E054810CE}"
EndProject
Global
	GlobalSection(SolutionConfigurationPlatforms) = preSolution
		Debug|Any CPU = Debug|Any CPU
		Release|Any CPU = Release|Any CPU
	EndGlobalSection
	GlobalSection(ProjectConfigurationPlatforms) = postSolution
		{0F8B50B6-2F27-4E00-8576-AB949D12D4C8}.Debug|Any CPU.ActiveCfg = Debug|Any CPU
		{0F8B50B6-2F27-4E00-8576-AB949D12D4C8}.Debug|Any CPU.Build.0 = Debug|Any CPU
		{0F8B50B6-2F27-4E00-8576-AB949D12D4C8}.Release|Any CPU.ActiveCfg = Release|Any CPU
		{0F8B50B6-2F27-4E00-8576-AB949D12D4C8}.Release|Any CPU.Build.0 = Release|Any CPU
		{0F5BA0B0-9D06-4ECF-9C16-F13E054810CE}.Debug|Any CPU.ActiveCfg = Debug|Any CPU
		{0F5BA0B0-9D06-4ECF-9C16-F13E054810CE}.Debug|Any CPU.Build.0 = Debug|Any CPU
		{0F5BA0B0-9D06-4ECF-9C16-F13E054810CE}.Release|Any CPU.ActiveCfg = Release|Any CPU
		{0F5BA0B0-9D06-4ECF-9C16-F13E054810CE}.Release|Any CPU.Build.0 = Release|Any CPU
	EndGlobalSection
	GlobalSection(SolutionProperties) = preSolution
		HideSolutionNode = FALSE
	EndGlobalSection
	GlobalSection(ExtensibilityGlobals) = postSolution
		SolutionGuid = {937915BA-2546-42DF-9BFC-4FC05426C855}
	EndGlobalSection
EndGlobal
